
Microsoft Visual Studio Solution File, Format Version 12.00
# Visual Studio Version 16
VisualStudioVersion = 16.0.31911.196
MinimumVisualStudioVersion = 10.0.40219.1
Project("{FAE04EC0-301F-11D3-BF4B-00C04F79EFBC}") = "DevIO.Data", "src\DevIO.Data\DevIO.Data.csproj", "{9B2B4F2A-3AB2-4297-BE41-8A69E6FAA3B5}"
EndProject
Project("{FAE04EC0-301F-11D3-BF4B-00C04F79EFBC}") = "DevIO.Business", "src\DevIO.Business\DevIO.Business.csproj", "{836D6D94-0237-4A3D-9443-7540475A0C62}"
EndProject
Global
	GlobalSection(SolutionConfigurationPlatforms) = preSolution
		Debug|Any CPU = Debug|Any CPU
		Release|Any CPU = Release|Any CPU
	EndGlobalSection
	GlobalSection(ProjectConfigurationPlatforms) = postSolution
		{9B2B4F2A-3AB2-4297-BE41-8A69E6FAA3B5}.Debug|Any CPU.ActiveCfg = Debug|Any CPU
		{9B2B4F2A-3AB2-4297-BE41-8A69E6FAA3B5}.Debug|Any CPU.Build.0 = Debug|Any CPU
		{9B2B4F2A-3AB2-4297-BE41-8A69E6FAA3B5}.Release|Any CPU.ActiveCfg = Release|Any CPU
		{9B2B4F2A-3AB2-4297-BE41-8A69E6FAA3B5}.Release|Any CPU.Build.0 = Release|Any CPU
		{836D6D94-0237-4A3D-9443-7540475A0C62}.Debug|Any CPU.ActiveCfg = Debug|Any CPU
		{836D6D94-0237-4A3D-9443-7540475A0C62}.Debug|Any CPU.Build.0 = Debug|Any CPU
		{836D6D94-0237-4A3D-9443-7540475A0C62}.Release|Any CPU.ActiveCfg = Release|Any CPU
		{836D6D94-0237-4A3D-9443-7540475A0C62}.Release|Any CPU.Build.0 = Release|Any CPU
	EndGlobalSection
	GlobalSection(SolutionProperties) = preSolution
		HideSolutionNode = FALSE
	EndGlobalSection
	GlobalSection(ExtensibilityGlobals) = postSolution
		SolutionGuid = {C7947255-464A-4421-BD75-335932FB2197}
	EndGlobalSection
EndGlobal
